
Microsoft Visual Studio Solution File, Format Version 12.00
# Visual Studio Version 16
VisualStudioVersion = 16.0.30114.105
MinimumVisualStudioVersion = 10.0.40219.1
Project("{9A19103F-16F7-4668-BE54-9A1E7A4F7556}") = "eShop.Web", "eShop.Web\eShop.Web.csproj", "{FB025B74-4DA2-4005-9F7D-17946D8EB700}"
EndProject
Project("{9A19103F-16F7-4668-BE54-9A1E7A4F7556}") = "eShop.Data", "eShop.Data\eShop.Data.csproj", "{45C86BDA-785D-435F-AF0C-8B243AD40DED}"
EndProject
Project("{9A19103F-16F7-4668-BE54-9A1E7A4F7556}") = "eShop.Application", "eShop.Application\eShop.Application.csproj", "{3E5D1143-1386-4DA0-B018-3C7184DDCE3E}"
EndProject
Project("{9A19103F-16F7-4668-BE54-9A1E7A4F7556}") = "eShop.ViewModel", "eShop.ViewModel\eShop.ViewModel.csproj", "{632043D4-29F7-4382-A7CB-40B4F9039AAC}"
EndProject
Project("{9A19103F-16F7-4668-BE54-9A1E7A4F7556}") = "eShop.Utilities", "eShop.Utilities\eShop.Utilities.csproj", "{C1EE40DF-A301-40F6-9828-3EAF0ED6770A}"
EndProject
Project("{9A19103F-16F7-4668-BE54-9A1E7A4F7556}") = "eShop.BackendAPI", "eShop.BackendAPI\eShop.BackendAPI.csproj", "{345C9AE9-C751-4D0F-A0B3-6F6DF0CA91C8}"
EndProject
Project("{2150E333-8FDC-42A3-9474-1A3956D46DE8}") = "1. Infrastructure", "1. Infrastructure", "{45AD0DC9-58AE-4AB1-8697-829D8B45F7AC}"
EndProject
Project("{2150E333-8FDC-42A3-9474-1A3956D46DE8}") = "2. Domain", "2. Domain", "{87E20828-0B39-4DEA-9477-577E14EE422B}"
EndProject
Project("{2150E333-8FDC-42A3-9474-1A3956D46DE8}") = "3.Hosts", "3.Hosts", "{CC4D695D-4A2F-44F5-8486-CD3C87F36E20}"
EndProject
Project("{FAE04EC0-301F-11D3-BF4B-00C04F79EFBC}") = "eShop.AdminApp", "eShop.AdminApp\eShop.AdminApp.csproj", "{6073E284-182E-412E-895B-04E2AD267D65}"
EndProject
Global
	GlobalSection(SolutionConfigurationPlatforms) = preSolution
		Debug|Any CPU = Debug|Any CPU
		Release|Any CPU = Release|Any CPU
	EndGlobalSection
	GlobalSection(ProjectConfigurationPlatforms) = postSolution
		{FB025B74-4DA2-4005-9F7D-17946D8EB700}.Debug|Any CPU.ActiveCfg = Debug|Any CPU
		{FB025B74-4DA2-4005-9F7D-17946D8EB700}.Debug|Any CPU.Build.0 = Debug|Any CPU
		{FB025B74-4DA2-4005-9F7D-17946D8EB700}.Release|Any CPU.ActiveCfg = Release|Any CPU
		{FB025B74-4DA2-4005-9F7D-17946D8EB700}.Release|Any CPU.Build.0 = Release|Any CPU
		{45C86BDA-785D-435F-AF0C-8B243AD40DED}.Debug|Any CPU.ActiveCfg = Debug|Any CPU
		{45C86BDA-785D-435F-AF0C-8B243AD40DED}.Debug|Any CPU.Build.0 = Debug|Any CPU
		{45C86BDA-785D-435F-AF0C-8B243AD40DED}.Release|Any CPU.ActiveCfg = Release|Any CPU
		{45C86BDA-785D-435F-AF0C-8B243AD40DED}.Release|Any CPU.Build.0 = Release|Any CPU
		{3E5D1143-1386-4DA0-B018-3C7184DDCE3E}.Debug|Any CPU.ActiveCfg = Debug|Any CPU
		{3E5D1143-1386-4DA0-B018-3C7184DDCE3E}.Debug|Any CPU.Build.0 = Debug|Any CPU
		{3E5D1143-1386-4DA0-B018-3C7184DDCE3E}.Release|Any CPU.ActiveCfg = Release|Any CPU
		{3E5D1143-1386-4DA0-B018-3C7184DDCE3E}.Release|Any CPU.Build.0 = Release|Any CPU
		{632043D4-29F7-4382-A7CB-40B4F9039AAC}.Debug|Any CPU.ActiveCfg = Debug|Any CPU
		{632043D4-29F7-4382-A7CB-40B4F9039AAC}.Debug|Any CPU.Build.0 = Debug|Any CPU
		{632043D4-29F7-4382-A7CB-40B4F9039AAC}.Release|Any CPU.ActiveCfg = Release|Any CPU
		{632043D4-29F7-4382-A7CB-40B4F9039AAC}.Release|Any CPU.Build.0 = Release|Any CPU
		{C1EE40DF-A301-40F6-9828-3EAF0ED6770A}.Debug|Any CPU.ActiveCfg = Debug|Any CPU
		{C1EE40DF-A301-40F6-9828-3EAF0ED6770A}.Debug|Any CPU.Build.0 = Debug|Any CPU
		{C1EE40DF-A301-40F6-9828-3EAF0ED6770A}.Release|Any CPU.ActiveCfg = Release|Any CPU
		{C1EE40DF-A301-40F6-9828-3EAF0ED6770A}.Release|Any CPU.Build.0 = Release|Any CPU
		{345C9AE9-C751-4D0F-A0B3-6F6DF0CA91C8}.Debug|Any CPU.ActiveCfg = Debug|Any CPU
		{345C9AE9-C751-4D0F-A0B3-6F6DF0CA91C8}.Debug|Any CPU.Build.0 = Debug|Any CPU
		{345C9AE9-C751-4D0F-A0B3-6F6DF0CA91C8}.Release|Any CPU.ActiveCfg = Release|Any CPU
		{345C9AE9-C751-4D0F-A0B3-6F6DF0CA91C8}.Release|Any CPU.Build.0 = Release|Any CPU
		{6073E284-182E-412E-895B-04E2AD267D65}.Debug|Any CPU.ActiveCfg = Debug|Any CPU
		{6073E284-182E-412E-895B-04E2AD267D65}.Debug|Any CPU.Build.0 = Debug|Any CPU
		{6073E284-182E-412E-895B-04E2AD267D65}.Release|Any CPU.ActiveCfg = Release|Any CPU
		{6073E284-182E-412E-895B-04E2AD267D65}.Release|Any CPU.Build.0 = Release|Any CPU
	EndGlobalSection
	GlobalSection(SolutionProperties) = preSolution
		HideSolutionNode = FALSE
	EndGlobalSection
	GlobalSection(NestedProjects) = preSolution
		{FB025B74-4DA2-4005-9F7D-17946D8EB700} = {CC4D695D-4A2F-44F5-8486-CD3C87F36E20}
		{45C86BDA-785D-435F-AF0C-8B243AD40DED} = {87E20828-0B39-4DEA-9477-577E14EE422B}
		{3E5D1143-1386-4DA0-B018-3C7184DDCE3E} = {87E20828-0B39-4DEA-9477-577E14EE422B}
		{632043D4-29F7-4382-A7CB-40B4F9039AAC} = {45AD0DC9-58AE-4AB1-8697-829D8B45F7AC}
		{C1EE40DF-A301-40F6-9828-3EAF0ED6770A} = {45AD0DC9-58AE-4AB1-8697-829D8B45F7AC}
		{345C9AE9-C751-4D0F-A0B3-6F6DF0CA91C8} = {CC4D695D-4A2F-44F5-8486-CD3C87F36E20}
		{6073E284-182E-412E-895B-04E2AD267D65} = {CC4D695D-4A2F-44F5-8486-CD3C87F36E20}
	EndGlobalSection
	GlobalSection(ExtensibilityGlobals) = postSolution
		SolutionGuid = {E58BDD00-BB1D-4DAE-B2DC-79D91076DDA7}
	EndGlobalSection
EndGlobal
